
Microsoft Visual Studio Solution File, Format Version 12.00
# Visual Studio Version 17
VisualStudioVersion = 17.3.32929.385
MinimumVisualStudioVersion = 10.0.40219.1
Project("{FAE04EC0-301F-11D3-BF4B-00C04F79EFBC}") = "EfCore.DAL", "EfCore.DAL\EfCore.DAL.csproj", "{145AA50D-B33C-4206-A118-908201281212}"
EndProject
Project("{FAE04EC0-301F-11D3-BF4B-00C04F79EFBC}") = "EfCore.UI", "EfCore.UI\EfCore.UI.csproj", "{D3519C98-3630-47E9-87F9-50A85D52D6DD}"
EndProject
Project("{FAE04EC0-301F-11D3-BF4B-00C04F79EFBC}") = "EfCore.BLL", "EfCore.BLL\EfCore.BLL.csproj", "{2FDC2461-CA39-49BC-9783-AB178B92051D}"
EndProject
Global
	GlobalSection(SolutionConfigurationPlatforms) = preSolution
		Debug|Any CPU = Debug|Any CPU
		Release|Any CPU = Release|Any CPU
	EndGlobalSection
	GlobalSection(ProjectConfigurationPlatforms) = postSolution
		{145AA50D-B33C-4206-A118-908201281212}.Debug|Any CPU.ActiveCfg = Debug|Any CPU
		{145AA50D-B33C-4206-A118-908201281212}.Debug|Any CPU.Build.0 = Debug|Any CPU
		{145AA50D-B33C-4206-A118-908201281212}.Release|Any CPU.ActiveCfg = Release|Any CPU
		{145AA50D-B33C-4206-A118-908201281212}.Release|Any CPU.Build.0 = Release|Any CPU
		{D3519C98-3630-47E9-87F9-50A85D52D6DD}.Debug|Any CPU.ActiveCfg = Debug|Any CPU
		{D3519C98-3630-47E9-87F9-50A85D52D6DD}.Debug|Any CPU.Build.0 = Debug|Any CPU
		{D3519C98-3630-47E9-87F9-50A85D52D6DD}.Release|Any CPU.ActiveCfg = Release|Any CPU
		{D3519C98-3630-47E9-87F9-50A85D52D6DD}.Release|Any CPU.Build.0 = Release|Any CPU
		{2FDC2461-CA39-49BC-9783-AB178B92051D}.Debug|Any CPU.ActiveCfg = Debug|Any CPU
		{2FDC2461-CA39-49BC-9783-AB178B92051D}.Debug|Any CPU.Build.0 = Debug|Any CPU
		{2FDC2461-CA39-49BC-9783-AB178B92051D}.Release|Any CPU.ActiveCfg = Release|Any CPU
		{2FDC2461-CA39-49BC-9783-AB178B92051D}.Release|Any CPU.Build.0 = Release|Any CPU
	EndGlobalSection
	GlobalSection(SolutionProperties) = preSolution
		HideSolutionNode = FALSE
	EndGlobalSection
	GlobalSection(ExtensibilityGlobals) = postSolution
		SolutionGuid = {5442923E-B9EF-4EC5-8FEB-93C7A6029FA3}
	EndGlobalSection
EndGlobal
